
Microsoft Visual Studio Solution File, Format Version 12.00
# Visual Studio 15
VisualStudioVersion = 15.0.27703.2018
MinimumVisualStudioVersion = 10.0.40219.1
Project("{FAE04EC0-301F-11D3-BF4B-00C04F79EFBC}") = "Company.UI", "Company.UI\Company.UI.csproj", "{C3DE3FF1-DFC3-451E-BB64-5FEE858A89EB}"
EndProject
Project("{2150E333-8FDC-42A3-9474-1A3956D46DE8}") = "BLL", "BLL", "{53DF6FED-0276-40C1-858C-AEB07E6E671D}"
EndProject
Project("{2150E333-8FDC-42A3-9474-1A3956D46DE8}") = "DAL", "DAL", "{226448BC-FFC9-4397-B3F3-E47ABBDA35AB}"
EndProject
Project("{2150E333-8FDC-42A3-9474-1A3956D46DE8}") = "Model", "Model", "{F2C228D1-73D4-4E05-B8D0-62D112E287DF}"
EndProject
Project("{2150E333-8FDC-42A3-9474-1A3956D46DE8}") = "UI", "UI", "{175CFC94-2AC2-4E76-931C-7B33F1F7491D}"
EndProject
Project("{2150E333-8FDC-42A3-9474-1A3956D46DE8}") = "common", "common", "{4FB110C1-FA81-4F9C-851D-5E7F74A65476}"
EndProject
Project("{FAE04EC0-301F-11D3-BF4B-00C04F79EFBC}") = "Company.BLL", "Company.BLL\Company.BLL.csproj", "{BCAD6079-BF1B-4A72-9409-35768B413501}"
EndProject
Project("{FAE04EC0-301F-11D3-BF4B-00C04F79EFBC}") = "Company.IBLL", "Company.IBLL\Company.IBLL.csproj", "{64B52BB6-41B8-4531-9E02-090D6C69AC85}"
EndProject
Project("{FAE04EC0-301F-11D3-BF4B-00C04F79EFBC}") = "Company.BLLContainer", "Company.BLLContainer\Company.BLLContainer.csproj", "{A28F9F89-6998-4F3D-BFE1-151187A1CFAA}"
EndProject
Project("{FAE04EC0-301F-11D3-BF4B-00C04F79EFBC}") = "Company.DAL", "Company.DAL\Company.DAL.csproj", "{DBCAC4E9-F05B-4AA5-BFF9-34A1C1C01A28}"
EndProject
Project("{FAE04EC0-301F-11D3-BF4B-00C04F79EFBC}") = "Company.IDAL", "Company.IDAL\Company.IDAL.csproj", "{3FB8BC8C-0002-412E-9F8C-6EAD01CE9871}"
EndProject
Project("{FAE04EC0-301F-11D3-BF4B-00C04F79EFBC}") = "Company.DALContainer", "Company.DALContainer\Company.DALContainer.csproj", "{0BC1E873-35D2-4FFD-B926-2425396C3E3C}"
EndProject
Project("{FAE04EC0-301F-11D3-BF4B-00C04F79EFBC}") = "Company.Model", "Company.Model\Company.Model.csproj", "{A361B455-E78C-408E-A0D8-29C4584AF1EA}"
EndProject
Project("{FAE04EC0-301F-11D3-BF4B-00C04F79EFBC}") = "Company.Common", "Company.Common\Company.Common.csproj", "{D7659015-B312-49E2-BAC5-A982C8987005}"
EndProject
Global
	GlobalSection(SolutionConfigurationPlatforms) = preSolution
		Debug|Any CPU = Debug|Any CPU
		Release|Any CPU = Release|Any CPU
	EndGlobalSection
	GlobalSection(ProjectConfigurationPlatforms) = postSolution
		{C3DE3FF1-DFC3-451E-BB64-5FEE858A89EB}.Debug|Any CPU.ActiveCfg = Debug|Any CPU
		{C3DE3FF1-DFC3-451E-BB64-5FEE858A89EB}.Debug|Any CPU.Build.0 = Debug|Any CPU
		{C3DE3FF1-DFC3-451E-BB64-5FEE858A89EB}.Release|Any CPU.ActiveCfg = Release|Any CPU
		{C3DE3FF1-DFC3-451E-BB64-5FEE858A89EB}.Release|Any CPU.Build.0 = Release|Any CPU
		{BCAD6079-BF1B-4A72-9409-35768B413501}.Debug|Any CPU.ActiveCfg = Debug|Any CPU
		{BCAD6079-BF1B-4A72-9409-35768B413501}.Debug|Any CPU.Build.0 = Debug|Any CPU
		{BCAD6079-BF1B-4A72-9409-35768B413501}.Release|Any CPU.ActiveCfg = Release|Any CPU
		{BCAD6079-BF1B-4A72-9409-35768B413501}.Release|Any CPU.Build.0 = Release|Any CPU
		{64B52BB6-41B8-4531-9E02-090D6C69AC85}.Debug|Any CPU.ActiveCfg = Debug|Any CPU
		{64B52BB6-41B8-4531-9E02-090D6C69AC85}.Debug|Any CPU.Build.0 = Debug|Any CPU
		{64B52BB6-41B8-4531-9E02-090D6C69AC85}.Release|Any CPU.ActiveCfg = Release|Any CPU
		{64B52BB6-41B8-4531-9E02-090D6C69AC85}.Release|Any CPU.Build.0 = Release|Any CPU
		{A28F9F89-6998-4F3D-BFE1-151187A1CFAA}.Debug|Any CPU.ActiveCfg = Debug|Any CPU
		{A28F9F89-6998-4F3D-BFE1-151187A1CFAA}.Debug|Any CPU.Build.0 = Debug|Any CPU
		{A28F9F89-6998-4F3D-BFE1-151187A1CFAA}.Release|Any CPU.ActiveCfg = Release|Any CPU
		{A28F9F89-6998-4F3D-BFE1-151187A1CFAA}.Release|Any CPU.Build.0 = Release|Any CPU
		{DBCAC4E9-F05B-4AA5-BFF9-34A1C1C01A28}.Debug|Any CPU.ActiveCfg = Debug|Any CPU
		{DBCAC4E9-F05B-4AA5-BFF9-34A1C1C01A28}.Debug|Any CPU.Build.0 = Debug|Any CPU
		{DBCAC4E9-F05B-4AA5-BFF9-34A1C1C01A28}.Release|Any CPU.ActiveCfg = Release|Any CPU
		{DBCAC4E9-F05B-4AA5-BFF9-34A1C1C01A28}.Release|Any CPU.Build.0 = Release|Any CPU
		{3FB8BC8C-0002-412E-9F8C-6EAD01CE9871}.Debug|Any CPU.ActiveCfg = Debug|Any CPU
		{3FB8BC8C-0002-412E-9F8C-6EAD01CE9871}.Debug|Any CPU.Build.0 = Debug|Any CPU
		{3FB8BC8C-0002-412E-9F8C-6EAD01CE9871}.Release|Any CPU.ActiveCfg = Release|Any CPU
		{3FB8BC8C-0002-412E-9F8C-6EAD01CE9871}.Release|Any CPU.Build.0 = Release|Any CPU
		{0BC1E873-35D2-4FFD-B926-2425396C3E3C}.Debug|Any CPU.ActiveCfg = Debug|Any CPU
		{0BC1E873-35D2-4FFD-B926-2425396C3E3C}.Debug|Any CPU.Build.0 = Debug|Any CPU
		{0BC1E873-35D2-4FFD-B926-2425396C3E3C}.Release|Any CPU.ActiveCfg = Release|Any CPU
		{0BC1E873-35D2-4FFD-B926-2425396C3E3C}.Release|Any CPU.Build.0 = Release|Any CPU
		{A361B455-E78C-408E-A0D8-29C4584AF1EA}.Debug|Any CPU.ActiveCfg = Debug|Any CPU
		{A361B455-E78C-408E-A0D8-29C4584AF1EA}.Debug|Any CPU.Build.0 = Debug|Any CPU
		{A361B455-E78C-408E-A0D8-29C4584AF1EA}.Release|Any CPU.ActiveCfg = Release|Any CPU
		{A361B455-E78C-408E-A0D8-29C4584AF1EA}.Release|Any CPU.Build.0 = Release|Any CPU
		{D7659015-B312-49E2-BAC5-A982C8987005}.Debug|Any CPU.ActiveCfg = Debug|Any CPU
		{D7659015-B312-49E2-BAC5-A982C8987005}.Debug|Any CPU.Build.0 = Debug|Any CPU
		{D7659015-B312-49E2-BAC5-A982C8987005}.Release|Any CPU.ActiveCfg = Release|Any CPU
		{D7659015-B312-49E2-BAC5-A982C8987005}.Release|Any CPU.Build.0 = Release|Any CPU
	EndGlobalSection
	GlobalSection(SolutionProperties) = preSolution
		HideSolutionNode = FALSE
	EndGlobalSection
	GlobalSection(NestedProjects) = preSolution
		{C3DE3FF1-DFC3-451E-BB64-5FEE858A89EB} = {175CFC94-2AC2-4E76-931C-7B33F1F7491D}
		{BCAD6079-BF1B-4A72-9409-35768B413501} = {53DF6FED-0276-40C1-858C-AEB07E6E671D}
		{64B52BB6-41B8-4531-9E02-090D6C69AC85} = {53DF6FED-0276-40C1-858C-AEB07E6E671D}
		{A28F9F89-6998-4F3D-BFE1-151187A1CFAA} = {53DF6FED-0276-40C1-858C-AEB07E6E671D}
		{DBCAC4E9-F05B-4AA5-BFF9-34A1C1C01A28} = {226448BC-FFC9-4397-B3F3-E47ABBDA35AB}
		{3FB8BC8C-0002-412E-9F8C-6EAD01CE9871} = {226448BC-FFC9-4397-B3F3-E47ABBDA35AB}
		{0BC1E873-35D2-4FFD-B926-2425396C3E3C} = {226448BC-FFC9-4397-B3F3-E47ABBDA35AB}
		{A361B455-E78C-408E-A0D8-29C4584AF1EA} = {F2C228D1-73D4-4E05-B8D0-62D112E287DF}
		{D7659015-B312-49E2-BAC5-A982C8987005} = {4FB110C1-FA81-4F9C-851D-5E7F74A65476}
	EndGlobalSection
	GlobalSection(ExtensibilityGlobals) = postSolution
		SolutionGuid = {82F4B3B9-C48E-467A-A730-C6DC74C8F270}
	EndGlobalSection
EndGlobal
